
Microsoft Visual Studio Solution File, Format Version 12.00
# Visual Studio Version 16
VisualStudioVersion = 16.0.31005.135
MinimumVisualStudioVersion = 10.0.40219.1
Project("{FAE04EC0-301F-11D3-BF4B-00C04F79EFBC}") = "0222", "0222\0222.csproj", "{A883E3C1-BD81-42E5-B5E8-B452682B59DB}"
EndProject
Global
	GlobalSection(SolutionConfigurationPlatforms) = preSolution
		Debug|Any CPU = Debug|Any CPU
		Release|Any CPU = Release|Any CPU
	EndGlobalSection
	GlobalSection(ProjectConfigurationPlatforms) = postSolution
		{A883E3C1-BD81-42E5-B5E8-B452682B59DB}.Debug|Any CPU.ActiveCfg = Debug|Any CPU
		{A883E3C1-BD81-42E5-B5E8-B452682B59DB}.Debug|Any CPU.Build.0 = Debug|Any CPU
		{A883E3C1-BD81-42E5-B5E8-B452682B59DB}.Release|Any CPU.ActiveCfg = Release|Any CPU
		{A883E3C1-BD81-42E5-B5E8-B452682B59DB}.Release|Any CPU.Build.0 = Release|Any CPU
	EndGlobalSection
	GlobalSection(SolutionProperties) = preSolution
		HideSolutionNode = FALSE
	EndGlobalSection
	GlobalSection(ExtensibilityGlobals) = postSolution
		SolutionGuid = {24E29998-60AD-4F59-AB67-80F63BF8F217}
	EndGlobalSection
EndGlobal
